// !$*UTF8*$!
{
	archiveVersion = 1;
	classes = {
	};
	objectVersion = 56;
	objects = {

/* Begin PBXBuildFile section */
		A6685A4C290B2E4F00D70B02 /* Applescript.swift in Sources */ = {isa = PBXBuildFile; fileRef = A6685A4B290B2E4F00D70B02 /* Applescript.swift */; };
		A6685A4E290B327600D70B02 /* ArtworkLoader.swift in Sources */ = {isa = PBXBuildFile; fileRef = A6685A4D290B327600D70B02 /* ArtworkLoader.swift */; };
		A6A0CC4429104AE900304D28 /* AppSettings.swift in Sources */ = {isa = PBXBuildFile; fileRef = A6A0CC4329104AE900304D28 /* AppSettings.swift */; };
		A6A0CC4629104B4600304D28 /* DefaultValues.plist in Resources */ = {isa = PBXBuildFile; fileRef = A6A0CC4529104B4600304D28 /* DefaultValues.plist */; };
		A6A0CC4829104D7100304D28 /* Locale+String.swift in Sources */ = {isa = PBXBuildFile; fileRef = A6A0CC4729104D7100304D28 /* Locale+String.swift */; };
		A6A0CC4B29104DF000304D28 /* Localizable.strings in Resources */ = {isa = PBXBuildFile; fileRef = A6A0CC4D29104DF000304D28 /* Localizable.strings */; };
		A6A0CC512910888800304D28 /* DSFDockTile in Frameworks */ = {isa = PBXBuildFile; productRef = A6A0CC502910888800304D28 /* DSFDockTile */; };
		A6A0CC57291088EC00304D28 /* LXMusicPlayer in Frameworks */ = {isa = PBXBuildFile; productRef = A6A0CC56291088EC00304D28 /* LXMusicPlayer */; };
		A6A0CC59291088EC00304D28 /* MusicPlayer in Frameworks */ = {isa = PBXBuildFile; productRef = A6A0CC58291088EC00304D28 /* MusicPlayer */; };
		A6B2DFAE2906FFE40010E7AF /* main.swift in Sources */ = {isa = PBXBuildFile; fileRef = A6B2DFAD2906FFE40010E7AF /* main.swift */; };
		A6B2DFB0290711F60010E7AF /* MusicInfo.swift in Sources */ = {isa = PBXBuildFile; fileRef = A6B2DFAF290711F60010E7AF /* MusicInfo.swift */; };
		A6B2DFB229071D2B0010E7AF /* DockImage.swift in Sources */ = {isa = PBXBuildFile; fileRef = A6B2DFB129071D2B0010E7AF /* DockImage.swift */; };
		A6B2DFB429071D450010E7AF /* DockData.swift in Sources */ = {isa = PBXBuildFile; fileRef = A6B2DFB329071D450010E7AF /* DockData.swift */; };
		A6B2DFB629071D660010E7AF /* DockViewController.swift in Sources */ = {isa = PBXBuildFile; fileRef = A6B2DFB529071D660010E7AF /* DockViewController.swift */; };
		A6B2DFB829071D970010E7AF /* DockController.swift in Sources */ = {isa = PBXBuildFile; fileRef = A6B2DFB729071D970010E7AF /* DockController.swift */; };
		A6B2DFBA29071FAE0010E7AF /* OptionalView.swift in Sources */ = {isa = PBXBuildFile; fileRef = A6B2DFB929071FAE0010E7AF /* OptionalView.swift */; };
		A6B2DFBE290734890010E7AF /* FileManager.swift in Sources */ = {isa = PBXBuildFile; fileRef = A6B2DFBD290734880010E7AF /* FileManager.swift */; };
		A6B2DFC429073E000010E7AF /* InfoPlist.strings in Resources */ = {isa = PBXBuildFile; fileRef = A6B2DFC629073E000010E7AF /* InfoPlist.strings */; };
		A6F9C9D1290318BF0097514A /* AppDelegate.swift in Sources */ = {isa = PBXBuildFile; fileRef = A6F9C9D0290318BF0097514A /* AppDelegate.swift */; };
		A6F9C9D5290318C00097514A /* Assets.xcassets in Resources */ = {isa = PBXBuildFile; fileRef = A6F9C9D4290318C00097514A /* Assets.xcassets */; };
		A6F9C9D8290318C00097514A /* Preview Assets.xcassets in Resources */ = {isa = PBXBuildFile; fileRef = A6F9C9D7290318C00097514A /* Preview Assets.xcassets */; };
/* End PBXBuildFile section */

/* Begin PBXFileReference section */
		A6685A4B290B2E4F00D70B02 /* Applescript.swift */ = {isa = PBXFileReference; lastKnownFileType = sourcecode.swift; path = Applescript.swift; sourceTree = "<group>"; };
		A6685A4D290B327600D70B02 /* ArtworkLoader.swift */ = {isa = PBXFileReference; lastKnownFileType = sourcecode.swift; path = ArtworkLoader.swift; sourceTree = "<group>"; };
		A6A0CC4329104AE900304D28 /* AppSettings.swift */ = {isa = PBXFileReference; lastKnownFileType = sourcecode.swift; path = AppSettings.swift; sourceTree = "<group>"; };
		A6A0CC4529104B4600304D28 /* DefaultValues.plist */ = {isa = PBXFileReference; lastKnownFileType = text.plist.xml; path = DefaultValues.plist; sourceTree = "<group>"; };
		A6A0CC4729104D7100304D28 /* Locale+String.swift */ = {isa = PBXFileReference; lastKnownFileType = sourcecode.swift; path = "Locale+String.swift"; sourceTree = "<group>"; };
		A6A0CC4C29104DF000304D28 /* fr */ = {isa = PBXFileReference; lastKnownFileType = text.plist.strings; name = fr; path = fr.lproj/Localizable.strings; sourceTree = "<group>"; };
		A6A0CC4E29104DF300304D28 /* en */ = {isa = PBXFileReference; lastKnownFileType = text.plist.strings; name = en; path = en.lproj/Localizable.strings; sourceTree = "<group>"; };
		A6B2DFAD2906FFE40010E7AF /* main.swift */ = {isa = PBXFileReference; lastKnownFileType = sourcecode.swift; path = main.swift; sourceTree = "<group>"; };
		A6B2DFAF290711F60010E7AF /* MusicInfo.swift */ = {isa = PBXFileReference; lastKnownFileType = sourcecode.swift; path = MusicInfo.swift; sourceTree = "<group>"; };
		A6B2DFB129071D2B0010E7AF /* DockImage.swift */ = {isa = PBXFileReference; lastKnownFileType = sourcecode.swift; path = DockImage.swift; sourceTree = "<group>"; };
		A6B2DFB329071D450010E7AF /* DockData.swift */ = {isa = PBXFileReference; lastKnownFileType = sourcecode.swift; path = DockData.swift; sourceTree = "<group>"; };
		A6B2DFB529071D660010E7AF /* DockViewController.swift */ = {isa = PBXFileReference; lastKnownFileType = sourcecode.swift; path = DockViewController.swift; sourceTree = "<group>"; };
		A6B2DFB729071D970010E7AF /* DockController.swift */ = {isa = PBXFileReference; lastKnownFileType = sourcecode.swift; path = DockController.swift; sourceTree = "<group>"; };
		A6B2DFB929071FAE0010E7AF /* OptionalView.swift */ = {isa = PBXFileReference; lastKnownFileType = sourcecode.swift; path = OptionalView.swift; sourceTree = "<group>"; };
		A6B2DFBD290734880010E7AF /* FileManager.swift */ = {isa = PBXFileReference; lastKnownFileType = sourcecode.swift; path = FileManager.swift; sourceTree = "<group>"; };
		A6B2DFC529073E000010E7AF /* en */ = {isa = PBXFileReference; lastKnownFileType = text.plist.strings; name = en; path = en.lproj/InfoPlist.strings; sourceTree = "<group>"; };
		A6B2DFC729073E3E0010E7AF /* fr */ = {isa = PBXFileReference; lastKnownFileType = text.plist.strings; name = fr; path = fr.lproj/InfoPlist.strings; sourceTree = "<group>"; };
		A6F9C9CD290318BF0097514A /* groove.app */ = {isa = PBXFileReference; explicitFileType = wrapper.application; includeInIndex = 0; path = groove.app; sourceTree = BUILT_PRODUCTS_DIR; };
		A6F9C9D0290318BF0097514A /* AppDelegate.swift */ = {isa = PBXFileReference; lastKnownFileType = sourcecode.swift; path = AppDelegate.swift; sourceTree = "<group>"; };
		A6F9C9D4290318C00097514A /* Assets.xcassets */ = {isa = PBXFileReference; lastKnownFileType = folder.assetcatalog; path = Assets.xcassets; sourceTree = "<group>"; };
		A6F9C9D7290318C00097514A /* Preview Assets.xcassets */ = {isa = PBXFileReference; lastKnownFileType = folder.assetcatalog; path = "Preview Assets.xcassets"; sourceTree = "<group>"; };
		A6F9C9D9290318C00097514A /* groove.entitlements */ = {isa = PBXFileReference; lastKnownFileType = text.plist.entitlements; path = groove.entitlements; sourceTree = "<group>"; };
		A6F9C9E129031B520097514A /* Info.plist */ = {isa = PBXFileReference; lastKnownFileType = text.plist.xml; path = Info.plist; sourceTree = "<group>"; };
/* End PBXFileReference section */

/* Begin PBXFrameworksBuildPhase section */
		A6F9C9CA290318BF0097514A /* Frameworks */ = {
			isa = PBXFrameworksBuildPhase;
			buildActionMask = 2147483647;
			files = (
				A6A0CC512910888800304D28 /* DSFDockTile in Frameworks */,
				A6A0CC57291088EC00304D28 /* LXMusicPlayer in Frameworks */,
				A6A0CC59291088EC00304D28 /* MusicPlayer in Frameworks */,
			);
			runOnlyForDeploymentPostprocessing = 0;
		};
/* End PBXFrameworksBuildPhase section */

/* Begin PBXGroup section */
		A6A0CC3729103E9D00304D28 /* Models */ = {
			isa = PBXGroup;
			children = (
				A6B2DFB329071D450010E7AF /* DockData.swift */,
			);
			path = Models;
			sourceTree = "<group>";
		};
		A6A0CC3A29103ED400304D28 /* Views */ = {
			isa = PBXGroup;
			children = (
				A6B2DFB929071FAE0010E7AF /* OptionalView.swift */,
				A6B2DFB129071D2B0010E7AF /* DockImage.swift */,
			);
			path = Views;
			sourceTree = "<group>";
		};
		A6A0CC3C29103EF800304D28 /* Screens */ = {
			isa = PBXGroup;
			children = (
				A6B2DFB529071D660010E7AF /* DockViewController.swift */,
			);
			path = Screens;
			sourceTree = "<group>";
		};
		A6A0CC3D29103F1600304D28 /* Application */ = {
			isa = PBXGroup;
			children = (
				A6F9C9D0290318BF0097514A /* AppDelegate.swift */,
				A6B2DFB729071D970010E7AF /* DockController.swift */,
			);
			path = Application;
			sourceTree = "<group>";
		};
		A6A0CC402910405100304D28 /* Music */ = {
			isa = PBXGroup;
			children = (
				A6685A4B290B2E4F00D70B02 /* Applescript.swift */,
				A6B2DFAF290711F60010E7AF /* MusicInfo.swift */,
				A6685A4D290B327600D70B02 /* ArtworkLoader.swift */,
			);
			path = Music;
			sourceTree = "<group>";
		};
		A6A0CC412910406000304D28 /* Utilities */ = {
			isa = PBXGroup;
			children = (
				A6A0CC4729104D7100304D28 /* Locale+String.swift */,
				A6A0CC4329104AE900304D28 /* AppSettings.swift */,
				A6A0CC402910405100304D28 /* Music */,
				A6B2DFBD290734880010E7AF /* FileManager.swift */,
			);
			path = Utilities;
			sourceTree = "<group>";
		};
		A6A0CC42291040FE00304D28 /* Sources */ = {
			isa = PBXGroup;
			children = (
				A6A0CC3D29103F1600304D28 /* Application */,
				A6A0CC3729103E9D00304D28 /* Models */,
				A6A0CC3C29103EF800304D28 /* Screens */,
				A6A0CC3A29103ED400304D28 /* Views */,
				A6A0CC412910406000304D28 /* Utilities */,
			);
			path = Sources;
			sourceTree = "<group>";
		};
		A6F9C9C4290318BF0097514A = {
			isa = PBXGroup;
			children = (
				A6F9C9CF290318BF0097514A /* groove */,
			);
			sourceTree = "<group>";
		};
		A6F9C9CE290318BF0097514A /* Products */ = {
			isa = PBXGroup;
			children = (
				A6F9C9CD290318BF0097514A /* groove.app */,
			);
			name = Products;
			path = ..;
			sourceTree = "<group>";
		};
		A6F9C9CF290318BF0097514A /* groove */ = {
			isa = PBXGroup;
			children = (
				A6F9C9E129031B520097514A /* Info.plist */,
				A6A0CC4529104B4600304D28 /* DefaultValues.plist */,
				A6B2DFC629073E000010E7AF /* InfoPlist.strings */,
				A6A0CC4D29104DF000304D28 /* Localizable.strings */,
				A6B2DFAD2906FFE40010E7AF /* main.swift */,
				A6A0CC42291040FE00304D28 /* Sources */,
				A6F9C9D4290318C00097514A /* Assets.xcassets */,
				A6F9C9CE290318BF0097514A /* Products */,
				A6F9C9D9290318C00097514A /* groove.entitlements */,
				A6F9C9D6290318C00097514A /* Preview Content */,
			);
			path = groove;
			sourceTree = "<group>";
		};
		A6F9C9D6290318C00097514A /* Preview Content */ = {
			isa = PBXGroup;
			children = (
				A6F9C9D7290318C00097514A /* Preview Assets.xcassets */,
			);
			path = "Preview Content";
			sourceTree = "<group>";
		};
/* End PBXGroup section */

/* Begin PBXNativeTarget section */
		A6F9C9CC290318BF0097514A /* groove */ = {
			isa = PBXNativeTarget;
			buildConfigurationList = A6F9C9DC290318C00097514A /* Build configuration list for PBXNativeTarget "groove" */;
			buildPhases = (
				A6F9C9C9290318BF0097514A /* Sources */,
				A6F9C9CA290318BF0097514A /* Frameworks */,
				A6F9C9CB290318BF0097514A /* Resources */,
			);
			buildRules = (
			);
			dependencies = (
			);
			name = groove;
			packageProductDependencies = (
				A6A0CC502910888800304D28 /* DSFDockTile */,
				A6A0CC56291088EC00304D28 /* LXMusicPlayer */,
				A6A0CC58291088EC00304D28 /* MusicPlayer */,
			);
			productName = groove;
			productReference = A6F9C9CD290318BF0097514A /* groove.app */;
			productType = "com.apple.product-type.application";
		};
/* End PBXNativeTarget section */

/* Begin PBXProject section */
		A6F9C9C5290318BF0097514A /* Project object */ = {
			isa = PBXProject;
			attributes = {
				BuildIndependentTargetsInParallel = 1;
				LastSwiftUpdateCheck = 1410;
				LastUpgradeCheck = 1410;
				TargetAttributes = {
					A6F9C9CC290318BF0097514A = {
						CreatedOnToolsVersion = 14.1;
					};
				};
			};
			buildConfigurationList = A6F9C9C8290318BF0097514A /* Build configuration list for PBXProject "groove" */;
			compatibilityVersion = "Xcode 14.0";
			developmentRegion = en;
			hasScannedForEncodings = 0;
			knownRegions = (
				en,
				Base,
				fr,
			);
			mainGroup = A6F9C9C4290318BF0097514A;
			packageReferences = (
				A6A0CC4F2910888800304D28 /* XCRemoteSwiftPackageReference "DSFDockTile" */,
				A6A0CC55291088EC00304D28 /* XCRemoteSwiftPackageReference "MusicPlayer" */,
			);
			productRefGroup = A6F9C9CE290318BF0097514A /* Products */;
			projectDirPath = "";
			projectRoot = "";
			targets = (
				A6F9C9CC290318BF0097514A /* groove */,
			);
		};
/* End PBXProject section */

/* Begin PBXResourcesBuildPhase section */
		A6F9C9CB290318BF0097514A /* Resources */ = {
			isa = PBXResourcesBuildPhase;
			buildActionMask = 2147483647;
			files = (
				A6A0CC4B29104DF000304D28 /* Localizable.strings in Resources */,
				A6F9C9D8290318C00097514A /* Preview Assets.xcassets in Resources */,
				A6B2DFC429073E000010E7AF /* InfoPlist.strings in Resources */,
				A6A0CC4629104B4600304D28 /* DefaultValues.plist in Resources */,
				A6F9C9D5290318C00097514A /* Assets.xcassets in Resources */,
			);
			runOnlyForDeploymentPostprocessing = 0;
		};
/* End PBXResourcesBuildPhase section */

/* Begin PBXSourcesBuildPhase section */
		A6F9C9C9290318BF0097514A /* Sources */ = {
			isa = PBXSourcesBuildPhase;
			buildActionMask = 2147483647;
			files = (
				A6B2DFB229071D2B0010E7AF /* DockImage.swift in Sources */,
				A6A0CC4429104AE900304D28 /* AppSettings.swift in Sources */,
				A6A0CC4829104D7100304D28 /* Locale+String.swift in Sources */,
				A6B2DFAE2906FFE40010E7AF /* main.swift in Sources */,
				A6B2DFBE290734890010E7AF /* FileManager.swift in Sources */,
				A6F9C9D1290318BF0097514A /* AppDelegate.swift in Sources */,
				A6B2DFB629071D660010E7AF /* DockViewController.swift in Sources */,
				A6B2DFB829071D970010E7AF /* DockController.swift in Sources */,
				A6685A4E290B327600D70B02 /* ArtworkLoader.swift in Sources */,
				A6685A4C290B2E4F00D70B02 /* Applescript.swift in Sources */,
				A6B2DFB429071D450010E7AF /* DockData.swift in Sources */,
				A6B2DFB0290711F60010E7AF /* MusicInfo.swift in Sources */,
				A6B2DFBA29071FAE0010E7AF /* OptionalView.swift in Sources */,
			);
			runOnlyForDeploymentPostprocessing = 0;
		};
/* End PBXSourcesBuildPhase section */

/* Begin PBXVariantGroup section */
		A6A0CC4D29104DF000304D28 /* Localizable.strings */ = {
			isa = PBXVariantGroup;
			children = (
				A6A0CC4C29104DF000304D28 /* fr */,
				A6A0CC4E29104DF300304D28 /* en */,
			);
			name = Localizable.strings;
			sourceTree = "<group>";
		};
		A6B2DFC629073E000010E7AF /* InfoPlist.strings */ = {
			isa = PBXVariantGroup;
			children = (
				A6B2DFC529073E000010E7AF /* en */,
				A6B2DFC729073E3E0010E7AF /* fr */,
			);
			name = InfoPlist.strings;
			sourceTree = "<group>";
		};
/* End PBXVariantGroup section */

/* Begin XCBuildConfiguration section */
		A6F9C9DA290318C00097514A /* Debug */ = {
			isa = XCBuildConfiguration;
			buildSettings = {
				ALWAYS_SEARCH_USER_PATHS = NO;
				CLANG_ANALYZER_LOCALIZABILITY_NONLOCALIZED = YES;
				CLANG_ANALYZER_NONNULL = YES;
				CLANG_ANALYZER_NUMBER_OBJECT_CONVERSION = YES_AGGRESSIVE;
				CLANG_CXX_LANGUAGE_STANDARD = "gnu++20";
				CLANG_ENABLE_MODULES = YES;
				CLANG_ENABLE_OBJC_ARC = YES;
				CLANG_ENABLE_OBJC_WEAK = YES;
				CLANG_WARN_BLOCK_CAPTURE_AUTORELEASING = YES;
				CLANG_WARN_BOOL_CONVERSION = YES;
				CLANG_WARN_COMMA = YES;
				CLANG_WARN_CONSTANT_CONVERSION = YES;
				CLANG_WARN_DEPRECATED_OBJC_IMPLEMENTATIONS = YES;
				CLANG_WARN_DIRECT_OBJC_ISA_USAGE = YES_ERROR;
				CLANG_WARN_DOCUMENTATION_COMMENTS = YES;
				CLANG_WARN_EMPTY_BODY = YES;
				CLANG_WARN_ENUM_CONVERSION = YES;
				CLANG_WARN_INFINITE_RECURSION = YES;
				CLANG_WARN_INT_CONVERSION = YES;
				CLANG_WARN_NON_LITERAL_NULL_CONVERSION = YES;
				CLANG_WARN_OBJC_IMPLICIT_RETAIN_SELF = YES;
				CLANG_WARN_OBJC_LITERAL_CONVERSION = YES;
				CLANG_WARN_OBJC_ROOT_CLASS = YES_ERROR;
				CLANG_WARN_QUOTED_INCLUDE_IN_FRAMEWORK_HEADER = YES;
				CLANG_WARN_RANGE_LOOP_ANALYSIS = YES;
				CLANG_WARN_STRICT_PROTOTYPES = YES;
				CLANG_WARN_SUSPICIOUS_MOVE = YES;
				CLANG_WARN_UNGUARDED_AVAILABILITY = YES_AGGRESSIVE;
				CLANG_WARN_UNREACHABLE_CODE = YES;
				CLANG_WARN__DUPLICATE_METHOD_MATCH = YES;
				COPY_PHASE_STRIP = NO;
				DEBUG_INFORMATION_FORMAT = dwarf;
				ENABLE_STRICT_OBJC_MSGSEND = YES;
				ENABLE_TESTABILITY = YES;
				GCC_C_LANGUAGE_STANDARD = gnu11;
				GCC_DYNAMIC_NO_PIC = NO;
				GCC_NO_COMMON_BLOCKS = YES;
				GCC_OPTIMIZATION_LEVEL = 0;
				GCC_PREPROCESSOR_DEFINITIONS = (
					"DEBUG=1",
					"$(inherited)",
				);
				GCC_WARN_64_TO_32_BIT_CONVERSION = YES;
				GCC_WARN_ABOUT_RETURN_TYPE = YES_ERROR;
				GCC_WARN_UNDECLARED_SELECTOR = YES;
				GCC_WARN_UNINITIALIZED_AUTOS = YES_AGGRESSIVE;
				GCC_WARN_UNUSED_FUNCTION = YES;
				GCC_WARN_UNUSED_VARIABLE = YES;
				MACOSX_DEPLOYMENT_TARGET = 13.0;
				MTL_ENABLE_DEBUG_INFO = INCLUDE_SOURCE;
				MTL_FAST_MATH = YES;
				ONLY_ACTIVE_ARCH = YES;
				SDKROOT = macosx;
				SKIP_INSTALL = YES;
				SWIFT_ACTIVE_COMPILATION_CONDITIONS = DEBUG;
				SWIFT_OPTIMIZATION_LEVEL = "-Onone";
			};
			name = Debug;
		};
		A6F9C9DB290318C00097514A /* Release */ = {
			isa = XCBuildConfiguration;
			buildSettings = {
				ALWAYS_SEARCH_USER_PATHS = NO;
				CLANG_ANALYZER_LOCALIZABILITY_NONLOCALIZED = YES;
				CLANG_ANALYZER_NONNULL = YES;
				CLANG_ANALYZER_NUMBER_OBJECT_CONVERSION = YES_AGGRESSIVE;
				CLANG_CXX_LANGUAGE_STANDARD = "gnu++20";
				CLANG_ENABLE_MODULES = YES;
				CLANG_ENABLE_OBJC_ARC = YES;
				CLANG_ENABLE_OBJC_WEAK = YES;
				CLANG_WARN_BLOCK_CAPTURE_AUTORELEASING = YES;
				CLANG_WARN_BOOL_CONVERSION = YES;
				CLANG_WARN_COMMA = YES;
				CLANG_WARN_CONSTANT_CONVERSION = YES;
				CLANG_WARN_DEPRECATED_OBJC_IMPLEMENTATIONS = YES;
				CLANG_WARN_DIRECT_OBJC_ISA_USAGE = YES_ERROR;
				CLANG_WARN_DOCUMENTATION_COMMENTS = YES;
				CLANG_WARN_EMPTY_BODY = YES;
				CLANG_WARN_ENUM_CONVERSION = YES;
				CLANG_WARN_INFINITE_RECURSION = YES;
				CLANG_WARN_INT_CONVERSION = YES;
				CLANG_WARN_NON_LITERAL_NULL_CONVERSION = YES;
				CLANG_WARN_OBJC_IMPLICIT_RETAIN_SELF = YES;
				CLANG_WARN_OBJC_LITERAL_CONVERSION = YES;
				CLANG_WARN_OBJC_ROOT_CLASS = YES_ERROR;
				CLANG_WARN_QUOTED_INCLUDE_IN_FRAMEWORK_HEADER = YES;
				CLANG_WARN_RANGE_LOOP_ANALYSIS = YES;
				CLANG_WARN_STRICT_PROTOTYPES = YES;
				CLANG_WARN_SUSPICIOUS_MOVE = YES;
				CLANG_WARN_UNGUARDED_AVAILABILITY = YES_AGGRESSIVE;
				CLANG_WARN_UNREACHABLE_CODE = YES;
				CLANG_WARN__DUPLICATE_METHOD_MATCH = YES;
				COPY_PHASE_STRIP = NO;
				DEBUG_INFORMATION_FORMAT = "dwarf-with-dsym";
				ENABLE_NS_ASSERTIONS = NO;
				ENABLE_STRICT_OBJC_MSGSEND = YES;
				GCC_C_LANGUAGE_STANDARD = gnu11;
				GCC_NO_COMMON_BLOCKS = YES;
				GCC_WARN_64_TO_32_BIT_CONVERSION = YES;
				GCC_WARN_ABOUT_RETURN_TYPE = YES_ERROR;
				GCC_WARN_UNDECLARED_SELECTOR = YES;
				GCC_WARN_UNINITIALIZED_AUTOS = YES_AGGRESSIVE;
				GCC_WARN_UNUSED_FUNCTION = YES;
				GCC_WARN_UNUSED_VARIABLE = YES;
				MACOSX_DEPLOYMENT_TARGET = 13.0;
				MTL_ENABLE_DEBUG_INFO = NO;
				MTL_FAST_MATH = YES;
				SDKROOT = macosx;
				SKIP_INSTALL = YES;
				SWIFT_COMPILATION_MODE = wholemodule;
				SWIFT_OPTIMIZATION_LEVEL = "-O";
			};
			name = Release;
		};
		A6F9C9DD290318C00097514A /* Debug */ = {
			isa = XCBuildConfiguration;
			buildSettings = {
				ASSETCATALOG_COMPILER_APPICON_NAME = AppIcon;
				ASSETCATALOG_COMPILER_GLOBAL_ACCENT_COLOR_NAME = AccentColor;
				CODE_SIGN_ENTITLEMENTS = groove/groove.entitlements;
				"CODE_SIGN_IDENTITY[sdk=macosx*]" = "Apple Development";
				CODE_SIGN_STYLE = Automatic;
				COMBINE_HIDPI_IMAGES = YES;
				CURRENT_PROJECT_VERSION = 1;
				DEVELOPMENT_ASSET_PATHS = "\"groove/Preview Content\"";
				DEVELOPMENT_TEAM = B332QU4W6R;
				ENABLE_PREVIEWS = YES;
				GENERATE_INFOPLIST_FILE = NO;
				INFOPLIST_FILE = groove/Info.plist;
				INFOPLIST_KEY_CFBundleDisplayName = "Now Playing";
				INFOPLIST_KEY_LSApplicationCategoryType = "public.app-category.productivity";
				INFOPLIST_KEY_NSHumanReadableCopyright = "";
				LD_RUNPATH_SEARCH_PATHS = (
					"$(inherited)",
					"@executable_path/../Frameworks",
				);
				MACOSX_DEPLOYMENT_TARGET = 11.0;
				MARKETING_VERSION = 0.1.0;
				PRODUCT_BUNDLE_IDENTIFIER = com.jaxson.groove;
				PRODUCT_NAME = "$(TARGET_NAME)";
				SUPPORTED_PLATFORMS = macosx;
				SUPPORTS_MACCATALYST = NO;
				SUPPORTS_MAC_DESIGNED_FOR_IPHONE_IPAD = NO;
				SWIFT_EMIT_LOC_STRINGS = YES;
				SWIFT_VERSION = 5.0;
			};
			name = Debug;
		};
		A6F9C9DE290318C00097514A /* Release */ = {
			isa = XCBuildConfiguration;
			buildSettings = {
				ASSETCATALOG_COMPILER_APPICON_NAME = AppIcon;
				ASSETCATALOG_COMPILER_GLOBAL_ACCENT_COLOR_NAME = AccentColor;
				CODE_SIGN_ENTITLEMENTS = groove/groove.entitlements;
				"CODE_SIGN_IDENTITY[sdk=macosx*]" = "Developer ID Application";
				CODE_SIGN_STYLE = Manual;
				COMBINE_HIDPI_IMAGES = YES;
				CURRENT_PROJECT_VERSION = 1;
				DEVELOPMENT_ASSET_PATHS = "\"groove/Preview Content\"";
				DEVELOPMENT_TEAM = "";
				"DEVELOPMENT_TEAM[sdk=macosx*]" = B332QU4W6R;
				ENABLE_PREVIEWS = YES;
				GENERATE_INFOPLIST_FILE = NO;
				INFOPLIST_FILE = groove/Info.plist;
				INFOPLIST_KEY_CFBundleDisplayName = "Now Playing";
				INFOPLIST_KEY_LSApplicationCategoryType = "public.app-category.productivity";
				INFOPLIST_KEY_NSHumanReadableCopyright = "";
				LD_RUNPATH_SEARCH_PATHS = (
					"$(inherited)",
					"@executable_path/../Frameworks",
				);
				MACOSX_DEPLOYMENT_TARGET = 11.0;
				MARKETING_VERSION = 0.1.0;
				PRODUCT_BUNDLE_IDENTIFIER = com.jaxson.groove;
				PRODUCT_NAME = "$(TARGET_NAME)";
				PROVISIONING_PROFILE_SPECIFIER = "";
				SUPPORTED_PLATFORMS = macosx;
				SUPPORTS_MACCATALYST = NO;
				SUPPORTS_MAC_DESIGNED_FOR_IPHONE_IPAD = NO;
				SWIFT_EMIT_LOC_STRINGS = YES;
				SWIFT_VERSION = 5.0;
			};
			name = Release;
		};
/* End XCBuildConfiguration section */

/* Begin XCConfigurationList section */
		A6F9C9C8290318BF0097514A /* Build configuration list for PBXProject "groove" */ = {
			isa = XCConfigurationList;
			buildConfigurations = (
				A6F9C9DA290318C00097514A /* Debug */,
				A6F9C9DB290318C00097514A /* Release */,
			);
			defaultConfigurationIsVisible = 0;
			defaultConfigurationName = Release;
		};
		A6F9C9DC290318C00097514A /* Build configuration list for PBXNativeTarget "groove" */ = {
			isa = XCConfigurationList;
			buildConfigurations = (
				A6F9C9DD290318C00097514A /* Debug */,
				A6F9C9DE290318C00097514A /* Release */,
			);
			defaultConfigurationIsVisible = 0;
			defaultConfigurationName = Release;
		};
/* End XCConfigurationList section */

/* Begin XCRemoteSwiftPackageReference section */
		A6A0CC4F2910888800304D28 /* XCRemoteSwiftPackageReference "DSFDockTile" */ = {
			isa = XCRemoteSwiftPackageReference;
			repositoryURL = "https://github.com/dagronf/DSFDockTile";
			requirement = {
				kind = upToNextMajorVersion;
				minimumVersion = 0.7.1;
			};
		};
		A6A0CC55291088EC00304D28 /* XCRemoteSwiftPackageReference "MusicPlayer" */ = {
			isa = XCRemoteSwiftPackageReference;
			repositoryURL = "https://github.com/ddddxxx/MusicPlayer";
			requirement = {
				branch = master;
				kind = branch;
			};
		};
/* End XCRemoteSwiftPackageReference section */

/* Begin XCSwiftPackageProductDependency section */
		A6A0CC502910888800304D28 /* DSFDockTile */ = {
			isa = XCSwiftPackageProductDependency;
			package = A6A0CC4F2910888800304D28 /* XCRemoteSwiftPackageReference "DSFDockTile" */;
			productName = DSFDockTile;
		};
		A6A0CC56291088EC00304D28 /* LXMusicPlayer */ = {
			isa = XCSwiftPackageProductDependency;
			package = A6A0CC55291088EC00304D28 /* XCRemoteSwiftPackageReference "MusicPlayer" */;
			productName = LXMusicPlayer;
		};
		A6A0CC58291088EC00304D28 /* MusicPlayer */ = {
			isa = XCSwiftPackageProductDependency;
			package = A6A0CC55291088EC00304D28 /* XCRemoteSwiftPackageReference "MusicPlayer" */;
			productName = MusicPlayer;
		};
/* End XCSwiftPackageProductDependency section */
	};
	rootObject = A6F9C9C5290318BF0097514A /* Project object */;
}
