// !$*UTF8*$!
{
	archiveVersion = 1;
	classes = {
	};
	objectVersion = 56;
	objects = {

/* Begin PBXBuildFile section */
		A69F7A62291097B400042243 /* Preview Assets.xcassets in Resources */ = {isa = PBXBuildFile; fileRef = A69F7A61291097B400042243 /* Preview Assets.xcassets */; };
		A69F7A7C291097E000042243 /* DockData.swift in Sources */ = {isa = PBXBuildFile; fileRef = A69F7A6B291097E000042243 /* DockData.swift */; };
		A69F7A7D291097E000042243 /* DockViewController.swift in Sources */ = {isa = PBXBuildFile; fileRef = A69F7A6D291097E000042243 /* DockViewController.swift */; };
		A69F7A7E291097E000042243 /* Applescript.swift in Sources */ = {isa = PBXBuildFile; fileRef = A69F7A70291097E000042243 /* Applescript.swift */; };
		A69F7A7F291097E000042243 /* ArtworkLoader.swift in Sources */ = {isa = PBXBuildFile; fileRef = A69F7A71291097E000042243 /* ArtworkLoader.swift */; };
		A69F7A80291097E000042243 /* MusicInfo.swift in Sources */ = {isa = PBXBuildFile; fileRef = A69F7A72291097E000042243 /* MusicInfo.swift */; };
		A69F7A81291097E000042243 /* AppSettings.swift in Sources */ = {isa = PBXBuildFile; fileRef = A69F7A73291097E000042243 /* AppSettings.swift */; };
		A69F7A82291097E000042243 /* Locale+String.swift in Sources */ = {isa = PBXBuildFile; fileRef = A69F7A74291097E000042243 /* Locale+String.swift */; };
		A69F7A83291097E000042243 /* FileManager.swift in Sources */ = {isa = PBXBuildFile; fileRef = A69F7A75291097E000042243 /* FileManager.swift */; };
		A69F7A84291097E000042243 /* AppDelegate.swift in Sources */ = {isa = PBXBuildFile; fileRef = A69F7A77291097E000042243 /* AppDelegate.swift */; };
		A69F7A85291097E000042243 /* DockController.swift in Sources */ = {isa = PBXBuildFile; fileRef = A69F7A78291097E000042243 /* DockController.swift */; };
		A69F7A86291097E000042243 /* DockImage.swift in Sources */ = {isa = PBXBuildFile; fileRef = A69F7A7A291097E000042243 /* DockImage.swift */; };
		A69F7A87291097E000042243 /* OptionalView.swift in Sources */ = {isa = PBXBuildFile; fileRef = A69F7A7B291097E000042243 /* OptionalView.swift */; };
		A69F7A962910981900042243 /* Localizable.strings in Resources */ = {isa = PBXBuildFile; fileRef = A69F7A892910981900042243 /* Localizable.strings */; };
		A69F7A972910981900042243 /* InfoPlist.strings in Resources */ = {isa = PBXBuildFile; fileRef = A69F7A8B2910981900042243 /* InfoPlist.strings */; };
		A69F7A982910981900042243 /* main.swift in Sources */ = {isa = PBXBuildFile; fileRef = A69F7A8D2910981900042243 /* main.swift */; };
		A69F7A9A2910981900042243 /* DefaultValues.plist in Resources */ = {isa = PBXBuildFile; fileRef = A69F7A902910981900042243 /* DefaultValues.plist */; };
		A69F7A9B2910981900042243 /* Localizable.strings in Resources */ = {isa = PBXBuildFile; fileRef = A69F7A922910981900042243 /* Localizable.strings */; };
		A69F7A9C2910981900042243 /* InfoPlist.strings in Resources */ = {isa = PBXBuildFile; fileRef = A69F7A942910981900042243 /* InfoPlist.strings */; };
		A69F7A9F2910985B00042243 /* DSFDockTile in Frameworks */ = {isa = PBXBuildFile; productRef = A69F7A9E2910985B00042243 /* DSFDockTile */; };
		A69F7AA5291098FA00042243 /* LXMusicPlayer in Frameworks */ = {isa = PBXBuildFile; productRef = A69F7AA4291098FA00042243 /* LXMusicPlayer */; };
		A69F7AA7291098FA00042243 /* MusicPlayer in Frameworks */ = {isa = PBXBuildFile; productRef = A69F7AA6291098FA00042243 /* MusicPlayer */; };
		A69F7AA929109A8C00042243 /* Assets.xcassets in Resources */ = {isa = PBXBuildFile; fileRef = A69F7AA829109A8C00042243 /* Assets.xcassets */; };
/* End PBXBuildFile section */

/* Begin PBXFileReference section */
		A69F7A57291097B300042243 /* groove.app */ = {isa = PBXFileReference; explicitFileType = wrapper.application; includeInIndex = 0; path = groove.app; sourceTree = BUILT_PRODUCTS_DIR; };
		A69F7A61291097B400042243 /* Preview Assets.xcassets */ = {isa = PBXFileReference; lastKnownFileType = folder.assetcatalog; path = "Preview Assets.xcassets"; sourceTree = "<group>"; };
		A69F7A63291097B400042243 /* groove.entitlements */ = {isa = PBXFileReference; lastKnownFileType = text.plist.entitlements; path = groove.entitlements; sourceTree = "<group>"; };
		A69F7A6B291097E000042243 /* DockData.swift */ = {isa = PBXFileReference; fileEncoding = 4; lastKnownFileType = sourcecode.swift; path = DockData.swift; sourceTree = "<group>"; };
		A69F7A6D291097E000042243 /* DockViewController.swift */ = {isa = PBXFileReference; fileEncoding = 4; lastKnownFileType = sourcecode.swift; path = DockViewController.swift; sourceTree = "<group>"; };
		A69F7A70291097E000042243 /* Applescript.swift */ = {isa = PBXFileReference; fileEncoding = 4; lastKnownFileType = sourcecode.swift; path = Applescript.swift; sourceTree = "<group>"; };
		A69F7A71291097E000042243 /* ArtworkLoader.swift */ = {isa = PBXFileReference; fileEncoding = 4; lastKnownFileType = sourcecode.swift; path = ArtworkLoader.swift; sourceTree = "<group>"; };
		A69F7A72291097E000042243 /* MusicInfo.swift */ = {isa = PBXFileReference; fileEncoding = 4; lastKnownFileType = sourcecode.swift; path = MusicInfo.swift; sourceTree = "<group>"; };
		A69F7A73291097E000042243 /* AppSettings.swift */ = {isa = PBXFileReference; fileEncoding = 4; lastKnownFileType = sourcecode.swift; path = AppSettings.swift; sourceTree = "<group>"; };
		A69F7A74291097E000042243 /* Locale+String.swift */ = {isa = PBXFileReference; fileEncoding = 4; lastKnownFileType = sourcecode.swift; path = "Locale+String.swift"; sourceTree = "<group>"; };
		A69F7A75291097E000042243 /* FileManager.swift */ = {isa = PBXFileReference; fileEncoding = 4; lastKnownFileType = sourcecode.swift; path = FileManager.swift; sourceTree = "<group>"; };
		A69F7A77291097E000042243 /* AppDelegate.swift */ = {isa = PBXFileReference; fileEncoding = 4; lastKnownFileType = sourcecode.swift; path = AppDelegate.swift; sourceTree = "<group>"; };
		A69F7A78291097E000042243 /* DockController.swift */ = {isa = PBXFileReference; fileEncoding = 4; lastKnownFileType = sourcecode.swift; path = DockController.swift; sourceTree = "<group>"; };
		A69F7A7A291097E000042243 /* DockImage.swift */ = {isa = PBXFileReference; fileEncoding = 4; lastKnownFileType = sourcecode.swift; path = DockImage.swift; sourceTree = "<group>"; };
		A69F7A7B291097E000042243 /* OptionalView.swift */ = {isa = PBXFileReference; fileEncoding = 4; lastKnownFileType = sourcecode.swift; path = OptionalView.swift; sourceTree = "<group>"; };
		A69F7A8A2910981900042243 /* en */ = {isa = PBXFileReference; lastKnownFileType = text.plist.strings; name = en; path = Localizable.strings; sourceTree = "<group>"; };
		A69F7A8C2910981900042243 /* en */ = {isa = PBXFileReference; lastKnownFileType = text.plist.strings; name = en; path = InfoPlist.strings; sourceTree = "<group>"; };
		A69F7A8D2910981900042243 /* main.swift */ = {isa = PBXFileReference; fileEncoding = 4; lastKnownFileType = sourcecode.swift; path = main.swift; sourceTree = "<group>"; };
		A69F7A902910981900042243 /* DefaultValues.plist */ = {isa = PBXFileReference; fileEncoding = 4; lastKnownFileType = text.plist.xml; path = DefaultValues.plist; sourceTree = "<group>"; };
		A69F7A932910981900042243 /* fr */ = {isa = PBXFileReference; lastKnownFileType = text.plist.strings; name = fr; path = Localizable.strings; sourceTree = "<group>"; };
		A69F7A952910981900042243 /* fr */ = {isa = PBXFileReference; lastKnownFileType = text.plist.strings; name = fr; path = InfoPlist.strings; sourceTree = "<group>"; };
		A69F7AA829109A8C00042243 /* Assets.xcassets */ = {isa = PBXFileReference; lastKnownFileType = folder.assetcatalog; path = Assets.xcassets; sourceTree = "<group>"; };
/* End PBXFileReference section */

/* Begin PBXFrameworksBuildPhase section */
		A69F7A54291097B300042243 /* Frameworks */ = {
			isa = PBXFrameworksBuildPhase;
			buildActionMask = 2147483647;
			files = (
				A69F7A9F2910985B00042243 /* DSFDockTile in Frameworks */,
				A69F7AA5291098FA00042243 /* LXMusicPlayer in Frameworks */,
				A69F7AA7291098FA00042243 /* MusicPlayer in Frameworks */,
			);
			runOnlyForDeploymentPostprocessing = 0;
		};
/* End PBXFrameworksBuildPhase section */

/* Begin PBXGroup section */
		A69F7A4E291097B300042243 = {
			isa = PBXGroup;
			children = (
				A69F7A59291097B300042243 /* groove */,
				A69F7A58291097B300042243 /* Products */,
			);
			sourceTree = "<group>";
		};
		A69F7A58291097B300042243 /* Products */ = {
			isa = PBXGroup;
			children = (
				A69F7A57291097B300042243 /* groove.app */,
			);
			name = Products;
			sourceTree = "<group>";
		};
		A69F7A59291097B300042243 /* groove */ = {
			isa = PBXGroup;
			children = (
				A69F7A902910981900042243 /* DefaultValues.plist */,
				A69F7A882910981900042243 /* en.lproj */,
				A69F7A912910981900042243 /* fr.lproj */,
				A69F7A8D2910981900042243 /* main.swift */,
				A69F7A63291097B400042243 /* groove.entitlements */,
				A69F7AA829109A8C00042243 /* Assets.xcassets */,
				A69F7A69291097E000042243 /* Sources */,
				A69F7A60291097B400042243 /* Preview Content */,
			);
			path = groove;
			sourceTree = "<group>";
		};
		A69F7A60291097B400042243 /* Preview Content */ = {
			isa = PBXGroup;
			children = (
				A69F7A61291097B400042243 /* Preview Assets.xcassets */,
			);
			path = "Preview Content";
			sourceTree = "<group>";
		};
		A69F7A69291097E000042243 /* Sources */ = {
			isa = PBXGroup;
			children = (
				A69F7A76291097E000042243 /* Application */,
				A69F7A6A291097E000042243 /* Models */,
				A69F7A6C291097E000042243 /* Screens */,
				A69F7A6E291097E000042243 /* Utilities */,
				A69F7A79291097E000042243 /* Views */,
			);
			path = Sources;
			sourceTree = "<group>";
		};
		A69F7A6A291097E000042243 /* Models */ = {
			isa = PBXGroup;
			children = (
				A69F7A6B291097E000042243 /* DockData.swift */,
			);
			path = Models;
			sourceTree = "<group>";
		};
		A69F7A6C291097E000042243 /* Screens */ = {
			isa = PBXGroup;
			children = (
				A69F7A6D291097E000042243 /* DockViewController.swift */,
			);
			path = Screens;
			sourceTree = "<group>";
		};
		A69F7A6E291097E000042243 /* Utilities */ = {
			isa = PBXGroup;
			children = (
				A69F7A6F291097E000042243 /* Music */,
				A69F7A73291097E000042243 /* AppSettings.swift */,
				A69F7A74291097E000042243 /* Locale+String.swift */,
				A69F7A75291097E000042243 /* FileManager.swift */,
			);
			path = Utilities;
			sourceTree = "<group>";
		};
		A69F7A6F291097E000042243 /* Music */ = {
			isa = PBXGroup;
			children = (
				A69F7A70291097E000042243 /* Applescript.swift */,
				A69F7A71291097E000042243 /* ArtworkLoader.swift */,
				A69F7A72291097E000042243 /* MusicInfo.swift */,
			);
			path = Music;
			sourceTree = "<group>";
		};
		A69F7A76291097E000042243 /* Application */ = {
			isa = PBXGroup;
			children = (
				A69F7A77291097E000042243 /* AppDelegate.swift */,
				A69F7A78291097E000042243 /* DockController.swift */,
			);
			path = Application;
			sourceTree = "<group>";
		};
		A69F7A79291097E000042243 /* Views */ = {
			isa = PBXGroup;
			children = (
				A69F7A7A291097E000042243 /* DockImage.swift */,
				A69F7A7B291097E000042243 /* OptionalView.swift */,
			);
			path = Views;
			sourceTree = "<group>";
		};
		A69F7A882910981900042243 /* en.lproj */ = {
			isa = PBXGroup;
			children = (
				A69F7A892910981900042243 /* Localizable.strings */,
				A69F7A8B2910981900042243 /* InfoPlist.strings */,
			);
			path = en.lproj;
			sourceTree = "<group>";
		};
		A69F7A912910981900042243 /* fr.lproj */ = {
			isa = PBXGroup;
			children = (
				A69F7A922910981900042243 /* Localizable.strings */,
				A69F7A942910981900042243 /* InfoPlist.strings */,
			);
			path = fr.lproj;
			sourceTree = "<group>";
		};
/* End PBXGroup section */

/* Begin PBXNativeTarget section */
		A69F7A56291097B300042243 /* groove */ = {
			isa = PBXNativeTarget;
			buildConfigurationList = A69F7A66291097B400042243 /* Build configuration list for PBXNativeTarget "groove" */;
			buildPhases = (
				A69F7A53291097B300042243 /* Sources */,
				A69F7A54291097B300042243 /* Frameworks */,
				A69F7A55291097B300042243 /* Resources */,
			);
			buildRules = (
			);
			dependencies = (
			);
			name = groove;
			packageProductDependencies = (
				A69F7A9E2910985B00042243 /* DSFDockTile */,
				A69F7AA4291098FA00042243 /* LXMusicPlayer */,
				A69F7AA6291098FA00042243 /* MusicPlayer */,
			);
			productName = groove;
			productReference = A69F7A57291097B300042243 /* groove.app */;
			productType = "com.apple.product-type.application";
		};
/* End PBXNativeTarget section */

/* Begin PBXProject section */
		A69F7A4F291097B300042243 /* Project object */ = {
			isa = PBXProject;
			attributes = {
				BuildIndependentTargetsInParallel = 1;
				LastSwiftUpdateCheck = 1400;
				LastUpgradeCheck = 1410;
				TargetAttributes = {
					A69F7A56291097B300042243 = {
						CreatedOnToolsVersion = 14.0.1;
					};
				};
			};
			buildConfigurationList = A69F7A52291097B300042243 /* Build configuration list for PBXProject "groove" */;
			compatibilityVersion = "Xcode 14.0";
			developmentRegion = en;
			hasScannedForEncodings = 0;
			knownRegions = (
				en,
				Base,
				fr,
			);
			mainGroup = A69F7A4E291097B300042243;
			packageReferences = (
				A69F7A9D2910985B00042243 /* XCRemoteSwiftPackageReference "DSFDockTile" */,
				A69F7AA3291098FA00042243 /* XCRemoteSwiftPackageReference "MusicPlayer" */,
			);
			productRefGroup = A69F7A58291097B300042243 /* Products */;
			projectDirPath = "";
			projectRoot = "";
			targets = (
				A69F7A56291097B300042243 /* groove */,
			);
		};
/* End PBXProject section */

/* Begin PBXResourcesBuildPhase section */
		A69F7A55291097B300042243 /* Resources */ = {
			isa = PBXResourcesBuildPhase;
			buildActionMask = 2147483647;
			files = (
				A69F7A9A2910981900042243 /* DefaultValues.plist in Resources */,
				A69F7A9C2910981900042243 /* InfoPlist.strings in Resources */,
				A69F7A9B2910981900042243 /* Localizable.strings in Resources */,
				A69F7A62291097B400042243 /* Preview Assets.xcassets in Resources */,
				A69F7A972910981900042243 /* InfoPlist.strings in Resources */,
				A69F7AA929109A8C00042243 /* Assets.xcassets in Resources */,
				A69F7A962910981900042243 /* Localizable.strings in Resources */,
			);
			runOnlyForDeploymentPostprocessing = 0;
		};
/* End PBXResourcesBuildPhase section */

/* Begin PBXSourcesBuildPhase section */
		A69F7A53291097B300042243 /* Sources */ = {
			isa = PBXSourcesBuildPhase;
			buildActionMask = 2147483647;
			files = (
				A69F7A87291097E000042243 /* OptionalView.swift in Sources */,
				A69F7A86291097E000042243 /* DockImage.swift in Sources */,
				A69F7A84291097E000042243 /* AppDelegate.swift in Sources */,
				A69F7A7F291097E000042243 /* ArtworkLoader.swift in Sources */,
				A69F7A82291097E000042243 /* Locale+String.swift in Sources */,
				A69F7A80291097E000042243 /* MusicInfo.swift in Sources */,
				A69F7A7C291097E000042243 /* DockData.swift in Sources */,
				A69F7A83291097E000042243 /* FileManager.swift in Sources */,
				A69F7A7E291097E000042243 /* Applescript.swift in Sources */,
				A69F7A85291097E000042243 /* DockController.swift in Sources */,
				A69F7A982910981900042243 /* main.swift in Sources */,
				A69F7A81291097E000042243 /* AppSettings.swift in Sources */,
				A69F7A7D291097E000042243 /* DockViewController.swift in Sources */,
			);
			runOnlyForDeploymentPostprocessing = 0;
		};
/* End PBXSourcesBuildPhase section */

/* Begin PBXVariantGroup section */
		A69F7A892910981900042243 /* Localizable.strings */ = {
			isa = PBXVariantGroup;
			children = (
				A69F7A8A2910981900042243 /* en */,
			);
			name = Localizable.strings;
			sourceTree = "<group>";
		};
		A69F7A8B2910981900042243 /* InfoPlist.strings */ = {
			isa = PBXVariantGroup;
			children = (
				A69F7A8C2910981900042243 /* en */,
			);
			name = InfoPlist.strings;
			sourceTree = "<group>";
		};
		A69F7A922910981900042243 /* Localizable.strings */ = {
			isa = PBXVariantGroup;
			children = (
				A69F7A932910981900042243 /* fr */,
			);
			name = Localizable.strings;
			sourceTree = "<group>";
		};
		A69F7A942910981900042243 /* InfoPlist.strings */ = {
			isa = PBXVariantGroup;
			children = (
				A69F7A952910981900042243 /* fr */,
			);
			name = InfoPlist.strings;
			sourceTree = "<group>";
		};
/* End PBXVariantGroup section */

/* Begin XCBuildConfiguration section */
		A69F7A64291097B400042243 /* Debug */ = {
			isa = XCBuildConfiguration;
			buildSettings = {
				ALWAYS_SEARCH_USER_PATHS = NO;
				CLANG_ANALYZER_LOCALIZABILITY_NONLOCALIZED = YES;
				CLANG_ANALYZER_NONNULL = YES;
				CLANG_ANALYZER_NUMBER_OBJECT_CONVERSION = YES_AGGRESSIVE;
				CLANG_CXX_LANGUAGE_STANDARD = "gnu++20";
				CLANG_ENABLE_MODULES = YES;
				CLANG_ENABLE_OBJC_ARC = YES;
				CLANG_ENABLE_OBJC_WEAK = YES;
				CLANG_WARN_BLOCK_CAPTURE_AUTORELEASING = YES;
				CLANG_WARN_BOOL_CONVERSION = YES;
				CLANG_WARN_COMMA = YES;
				CLANG_WARN_CONSTANT_CONVERSION = YES;
				CLANG_WARN_DEPRECATED_OBJC_IMPLEMENTATIONS = YES;
				CLANG_WARN_DIRECT_OBJC_ISA_USAGE = YES_ERROR;
				CLANG_WARN_DOCUMENTATION_COMMENTS = YES;
				CLANG_WARN_EMPTY_BODY = YES;
				CLANG_WARN_ENUM_CONVERSION = YES;
				CLANG_WARN_INFINITE_RECURSION = YES;
				CLANG_WARN_INT_CONVERSION = YES;
				CLANG_WARN_NON_LITERAL_NULL_CONVERSION = YES;
				CLANG_WARN_OBJC_IMPLICIT_RETAIN_SELF = YES;
				CLANG_WARN_OBJC_LITERAL_CONVERSION = YES;
				CLANG_WARN_OBJC_ROOT_CLASS = YES_ERROR;
				CLANG_WARN_QUOTED_INCLUDE_IN_FRAMEWORK_HEADER = YES;
				CLANG_WARN_RANGE_LOOP_ANALYSIS = YES;
				CLANG_WARN_STRICT_PROTOTYPES = YES;
				CLANG_WARN_SUSPICIOUS_MOVE = YES;
				CLANG_WARN_UNGUARDED_AVAILABILITY = YES_AGGRESSIVE;
				CLANG_WARN_UNREACHABLE_CODE = YES;
				CLANG_WARN__DUPLICATE_METHOD_MATCH = YES;
				COPY_PHASE_STRIP = NO;
				DEAD_CODE_STRIPPING = YES;
				DEBUG_INFORMATION_FORMAT = dwarf;
				ENABLE_STRICT_OBJC_MSGSEND = YES;
				ENABLE_TESTABILITY = YES;
				GCC_C_LANGUAGE_STANDARD = gnu11;
				GCC_DYNAMIC_NO_PIC = NO;
				GCC_NO_COMMON_BLOCKS = YES;
				GCC_OPTIMIZATION_LEVEL = 0;
				GCC_PREPROCESSOR_DEFINITIONS = (
					"DEBUG=1",
					"$(inherited)",
				);
				GCC_WARN_64_TO_32_BIT_CONVERSION = YES;
				GCC_WARN_ABOUT_RETURN_TYPE = YES_ERROR;
				GCC_WARN_UNDECLARED_SELECTOR = YES;
				GCC_WARN_UNINITIALIZED_AUTOS = YES_AGGRESSIVE;
				GCC_WARN_UNUSED_FUNCTION = YES;
				GCC_WARN_UNUSED_VARIABLE = YES;
				MACOSX_DEPLOYMENT_TARGET = 12.3;
				MTL_ENABLE_DEBUG_INFO = INCLUDE_SOURCE;
				MTL_FAST_MATH = YES;
				ONLY_ACTIVE_ARCH = YES;
				SDKROOT = macosx;
				SWIFT_ACTIVE_COMPILATION_CONDITIONS = DEBUG;
				SWIFT_OPTIMIZATION_LEVEL = "-Onone";
			};
			name = Debug;
		};
		A69F7A65291097B400042243 /* Release */ = {
			isa = XCBuildConfiguration;
			buildSettings = {
				ALWAYS_SEARCH_USER_PATHS = NO;
				CLANG_ANALYZER_LOCALIZABILITY_NONLOCALIZED = YES;
				CLANG_ANALYZER_NONNULL = YES;
				CLANG_ANALYZER_NUMBER_OBJECT_CONVERSION = YES_AGGRESSIVE;
				CLANG_CXX_LANGUAGE_STANDARD = "gnu++20";
				CLANG_ENABLE_MODULES = YES;
				CLANG_ENABLE_OBJC_ARC = YES;
				CLANG_ENABLE_OBJC_WEAK = YES;
				CLANG_WARN_BLOCK_CAPTURE_AUTORELEASING = YES;
				CLANG_WARN_BOOL_CONVERSION = YES;
				CLANG_WARN_COMMA = YES;
				CLANG_WARN_CONSTANT_CONVERSION = YES;
				CLANG_WARN_DEPRECATED_OBJC_IMPLEMENTATIONS = YES;
				CLANG_WARN_DIRECT_OBJC_ISA_USAGE = YES_ERROR;
				CLANG_WARN_DOCUMENTATION_COMMENTS = YES;
				CLANG_WARN_EMPTY_BODY = YES;
				CLANG_WARN_ENUM_CONVERSION = YES;
				CLANG_WARN_INFINITE_RECURSION = YES;
				CLANG_WARN_INT_CONVERSION = YES;
				CLANG_WARN_NON_LITERAL_NULL_CONVERSION = YES;
				CLANG_WARN_OBJC_IMPLICIT_RETAIN_SELF = YES;
				CLANG_WARN_OBJC_LITERAL_CONVERSION = YES;
				CLANG_WARN_OBJC_ROOT_CLASS = YES_ERROR;
				CLANG_WARN_QUOTED_INCLUDE_IN_FRAMEWORK_HEADER = YES;
				CLANG_WARN_RANGE_LOOP_ANALYSIS = YES;
				CLANG_WARN_STRICT_PROTOTYPES = YES;
				CLANG_WARN_SUSPICIOUS_MOVE = YES;
				CLANG_WARN_UNGUARDED_AVAILABILITY = YES_AGGRESSIVE;
				CLANG_WARN_UNREACHABLE_CODE = YES;
				CLANG_WARN__DUPLICATE_METHOD_MATCH = YES;
				COPY_PHASE_STRIP = NO;
				DEAD_CODE_STRIPPING = YES;
				DEBUG_INFORMATION_FORMAT = "dwarf-with-dsym";
				ENABLE_NS_ASSERTIONS = NO;
				ENABLE_STRICT_OBJC_MSGSEND = YES;
				GCC_C_LANGUAGE_STANDARD = gnu11;
				GCC_NO_COMMON_BLOCKS = YES;
				GCC_WARN_64_TO_32_BIT_CONVERSION = YES;
				GCC_WARN_ABOUT_RETURN_TYPE = YES_ERROR;
				GCC_WARN_UNDECLARED_SELECTOR = YES;
				GCC_WARN_UNINITIALIZED_AUTOS = YES_AGGRESSIVE;
				GCC_WARN_UNUSED_FUNCTION = YES;
				GCC_WARN_UNUSED_VARIABLE = YES;
				MACOSX_DEPLOYMENT_TARGET = 12.3;
				MTL_ENABLE_DEBUG_INFO = NO;
				MTL_FAST_MATH = YES;
				SDKROOT = macosx;
				SWIFT_COMPILATION_MODE = wholemodule;
				SWIFT_OPTIMIZATION_LEVEL = "-O";
			};
			name = Release;
		};
		A69F7A67291097B400042243 /* Debug */ = {
			isa = XCBuildConfiguration;
			buildSettings = {
				ASSETCATALOG_COMPILER_APPICON_NAME = AppIcon;
				ASSETCATALOG_COMPILER_GLOBAL_ACCENT_COLOR_NAME = AccentColor;
				CODE_SIGN_ENTITLEMENTS = groove/groove.entitlements;
				CODE_SIGN_IDENTITY = "-";
				CODE_SIGN_STYLE = Automatic;
				COMBINE_HIDPI_IMAGES = YES;
				CURRENT_PROJECT_VERSION = 1;
				DEAD_CODE_STRIPPING = YES;
				DEVELOPMENT_ASSET_PATHS = "\"groove/Preview Content\"";
				DEVELOPMENT_TEAM = B332QU4W6R;
				ENABLE_HARDENED_RUNTIME = YES;
				ENABLE_PREVIEWS = YES;
				GENERATE_INFOPLIST_FILE = YES;
				INFOPLIST_FILE = groove/Info.plist;
				INFOPLIST_KEY_CFBundleDisplayName = "$(PRODUCT_NAME)";
				INFOPLIST_KEY_LSApplicationCategoryType = "public.app-category.productivity";
				INFOPLIST_KEY_NSAppleEventsUsageDescription = "Groove needs access to send AppleEvents to Spotify and Apple Music.";
				INFOPLIST_KEY_NSAppleMusicUsageDescription = "Groove needs access to your music library.";
				INFOPLIST_KEY_NSHumanReadableCopyright = "© Jaxson Van Doorn 2022. All Rights Reserved.";
				LD_RUNPATH_SEARCH_PATHS = (
					"$(inherited)",
					"@executable_path/../Frameworks",
				);
				MACOSX_DEPLOYMENT_TARGET = 11;
				MARKETING_VERSION = 0.1.0;
				PRODUCT_BUNDLE_IDENTIFIER = com.jaxson.groove;
				PRODUCT_NAME = "$(TARGET_NAME)";
				SWIFT_EMIT_LOC_STRINGS = YES;
				SWIFT_VERSION = 5.0;
			};
			name = Debug;
		};
		A69F7A68291097B400042243 /* Release */ = {
			isa = XCBuildConfiguration;
			buildSettings = {
				ASSETCATALOG_COMPILER_APPICON_NAME = AppIcon;
				ASSETCATALOG_COMPILER_GLOBAL_ACCENT_COLOR_NAME = AccentColor;
				CODE_SIGN_ENTITLEMENTS = groove/groove.entitlements;
				CODE_SIGN_IDENTITY = "-";
				"CODE_SIGN_IDENTITY[sdk=macosx*]" = "Developer ID Application";
				CODE_SIGN_STYLE = Manual;
				COMBINE_HIDPI_IMAGES = YES;
				CURRENT_PROJECT_VERSION = 1;
				DEAD_CODE_STRIPPING = YES;
				DEVELOPMENT_ASSET_PATHS = "\"groove/Preview Content\"";
				DEVELOPMENT_TEAM = "";
				"DEVELOPMENT_TEAM[sdk=macosx*]" = B332QU4W6R;
				ENABLE_HARDENED_RUNTIME = YES;
				ENABLE_PREVIEWS = YES;
				GENERATE_INFOPLIST_FILE = YES;
				INFOPLIST_FILE = groove/Info.plist;
				INFOPLIST_KEY_CFBundleDisplayName = "$(PRODUCT_NAME)";
				INFOPLIST_KEY_LSApplicationCategoryType = "public.app-category.productivity";
				INFOPLIST_KEY_NSAppleEventsUsageDescription = "Groove needs access to send AppleEvents to Spotify and Apple Music.";
				INFOPLIST_KEY_NSAppleMusicUsageDescription = "Groove needs access to your music library.";
				INFOPLIST_KEY_NSHumanReadableCopyright = "© Jaxson Van Doorn 2022. All Rights Reserved.";
				LD_RUNPATH_SEARCH_PATHS = (
					"$(inherited)",
					"@executable_path/../Frameworks",
				);
				MACOSX_DEPLOYMENT_TARGET = 11;
				MARKETING_VERSION = 0.1.0;
				PRODUCT_BUNDLE_IDENTIFIER = com.jaxson.groove;
				PRODUCT_NAME = "$(TARGET_NAME)";
				PROVISIONING_PROFILE_SPECIFIER = "";
				SWIFT_EMIT_LOC_STRINGS = YES;
				SWIFT_VERSION = 5.0;
			};
			name = Release;
		};
/* End XCBuildConfiguration section */

/* Begin XCConfigurationList section */
		A69F7A52291097B300042243 /* Build configuration list for PBXProject "groove" */ = {
			isa = XCConfigurationList;
			buildConfigurations = (
				A69F7A64291097B400042243 /* Debug */,
				A69F7A65291097B400042243 /* Release */,
			);
			defaultConfigurationIsVisible = 0;
			defaultConfigurationName = Release;
		};
		A69F7A66291097B400042243 /* Build configuration list for PBXNativeTarget "groove" */ = {
			isa = XCConfigurationList;
			buildConfigurations = (
				A69F7A67291097B400042243 /* Debug */,
				A69F7A68291097B400042243 /* Release */,
			);
			defaultConfigurationIsVisible = 0;
			defaultConfigurationName = Release;
		};
/* End XCConfigurationList section */

/* Begin XCRemoteSwiftPackageReference section */
		A69F7A9D2910985B00042243 /* XCRemoteSwiftPackageReference "DSFDockTile" */ = {
			isa = XCRemoteSwiftPackageReference;
			repositoryURL = "https://github.com/dagronf/DSFDockTile";
			requirement = {
				branch = main;
				kind = branch;
			};
		};
		A69F7AA3291098FA00042243 /* XCRemoteSwiftPackageReference "MusicPlayer" */ = {
			isa = XCRemoteSwiftPackageReference;
			repositoryURL = "https://github.com/ddddxxx/MusicPlayer";
			requirement = {
				kind = exactVersion;
				version = 0.8.2;
			};
		};
/* End XCRemoteSwiftPackageReference section */

/* Begin XCSwiftPackageProductDependency section */
		A69F7A9E2910985B00042243 /* DSFDockTile */ = {
			isa = XCSwiftPackageProductDependency;
			package = A69F7A9D2910985B00042243 /* XCRemoteSwiftPackageReference "DSFDockTile" */;
			productName = DSFDockTile;
		};
		A69F7AA4291098FA00042243 /* LXMusicPlayer */ = {
			isa = XCSwiftPackageProductDependency;
			package = A69F7AA3291098FA00042243 /* XCRemoteSwiftPackageReference "MusicPlayer" */;
			productName = LXMusicPlayer;
		};
		A69F7AA6291098FA00042243 /* MusicPlayer */ = {
			isa = XCSwiftPackageProductDependency;
			package = A69F7AA3291098FA00042243 /* XCRemoteSwiftPackageReference "MusicPlayer" */;
			productName = MusicPlayer;
		};
/* End XCSwiftPackageProductDependency section */
	};
	rootObject = A69F7A4F291097B300042243 /* Project object */;
}
